<?xml version="1.0" encoding="utf-8"?>
<Project ToolsVersion="4.0" xmlns="http://schemas.microsoft.com/developer/msbuild/2003">
  <ItemGroup>
    <Filter Include="Header Files">
      <UniqueIdentifier>{93995380-89BD-4b04-88EB-625FBE52EBFB}</UniqueIdentifier>
      <Extensions>h;hh;hpp;hxx;hm;inl;inc;xsd</Extensions>
    </Filter>
    <Filter Include="Resource Files">
      <UniqueIdentifier>{67DA6AB6-F800-4c08-8B7A-83BB121AAD01}</UniqueIdentifier>
      <Extensions>rc;ico;cur;bmp;dlg;rc2;rct;bin;rgs;gif;jpg;jpeg;jpe;resx;tiff;tif;png;wav;mfcribbon-ms</Extensions>
    </Filter>
    <Filter Include="Resource Files\Source Files">
      <UniqueIdentifier>{4FC737F1-C7A5-4376-A066-2A32D752A2FF}</UniqueIdentifier>
      <Extensions>cpp;c;cc;cxx;def;odl;idl;hpj;bat;asm;asmx</Extensions>
    </Filter>
    <Filter Include="SDK">
      <UniqueIdentifier>{400586fe-a9b2-482b-b1be-e7427ca11aa0}</UniqueIdentifier>
    </Filter>
    <Filter Include="Resource Files\Source Files\Champions">
      <UniqueIdentifier>{3ed6db73-4d3d-4a77-b7d4-487a60272701}</UniqueIdentifier>
    </Filter>
    <Filter Include="Resource Files\Source Files\Utility">
      <UniqueIdentifier>{eddde4ef-2007-42db-b860-b2684b707d78}</UniqueIdentifier>
    </Filter>
    <Filter Include="Header Files\Champions">
      <UniqueIdentifier>{393e6590-8c44-4b06-8deb-6c2088dfcc14}</UniqueIdentifier>
    </Filter>
    <Filter Include="Header Files\Utility">
      <UniqueIdentifier>{97fbc6ca-23e3-4f94-8d6f-9e12d9ffe36b}</UniqueIdentifier>
    </Filter>
  </ItemGroup>
  <ItemGroup>
    <ClInclude Include="Vector3.h">
      <Filter>SDK</Filter>
    </ClInclude>
    <ClInclude Include="Color.h">
      <Filter>SDK</Filter>
    </ClInclude>
    <ClInclude Include="LPPConstants.h">
      <Filter>SDK</Filter>
    </ClInclude>
    <ClInclude Include="PluginData.h">
      <Filter>SDK</Filter>
    </ClInclude>
    <ClInclude Include="PluginSDK.h">
      <Filter>SDK</Filter>
    </ClInclude>
    <ClInclude Include="Rembrandt.h">
      <Filter>SDK</Filter>
    </ClInclude>
    <ClInclude Include="Ashe.h">
      <Filter>Header Files\Champions</Filter>
    </ClInclude>
    <ClInclude Include="Caitlyn.h">
      <Filter>Header Files\Champions</Filter>
    </ClInclude>
    <ClInclude Include="Graves.h">
      <Filter>Header Files\Champions</Filter>
    </ClInclude>
    <ClInclude Include="Kogmaw.h">
      <Filter>Header Files\Champions</Filter>
    </ClInclude>
    <ClInclude Include="Lucian.h">
      <Filter>Header Files\Champions</Filter>
    </ClInclude>
    <ClInclude Include="Sivir.h">
      <Filter>Header Files\Champions</Filter>
    </ClInclude>
    <ClInclude Include="Twitch.h">
      <Filter>Header Files\Champions</Filter>
    </ClInclude>
    <ClInclude Include="Awareness.h">
      <Filter>Header Files\Utility</Filter>
    </ClInclude>
    <ClInclude Include="GankDetection.h">
      <Filter>Header Files\Utility</Filter>
    </ClInclude>
    <ClInclude Include="Gui.h">
      <Filter>Header Files\Utility</Filter>
    </ClInclude>
    <ClInclude Include="ObjectTracker.h">
      <Filter>Header Files\Utility</Filter>
    </ClInclude>
    <ClInclude Include="Tracker.h">
      <Filter>Header Files\Utility</Filter>
    </ClInclude>
    <ClInclude Include="Champion.h">
      <Filter>Header Files\Champions</Filter>
    </ClInclude>
    <ClInclude Include="Tristana.h">
      <Filter>Header Files\Champions</Filter>
    </ClInclude>
    <ClInclude Include="Geometry.h">
      <Filter>SDK</Filter>
    </ClInclude>
  </ItemGroup>
  <ItemGroup>
    <ClCompile Include="PluginSDK.cpp">
      <Filter>SDK</Filter>
    </ClCompile>
    <ClCompile Include="Ashe.cpp">
      <Filter>Resource Files\Source Files\Champions</Filter>
    </ClCompile>
    <ClCompile Include="Caitlyn.cpp">
      <Filter>Resource Files\Source Files\Champions</Filter>
    </ClCompile>
    <ClCompile Include="Graves.cpp">
      <Filter>Resource Files\Source Files\Champions</Filter>
    </ClCompile>
    <ClCompile Include="Kogmaw.cpp">
      <Filter>Resource Files\Source Files\Champions</Filter>
    </ClCompile>
    <ClCompile Include="Lucian.cpp">
      <Filter>Resource Files\Source Files\Champions</Filter>
    </ClCompile>
    <ClCompile Include="Sivir.cpp">
      <Filter>Resource Files\Source Files\Champions</Filter>
    </ClCompile>
    <ClCompile Include="Tristana.cpp">
      <Filter>Resource Files\Source Files\Champions</Filter>
    </ClCompile>
    <ClCompile Include="Twitch.cpp">
      <Filter>Resource Files\Source Files\Champions</Filter>
    </ClCompile>
    <ClCompile Include="Awareness.cpp">
      <Filter>Resource Files\Source Files\Utility</Filter>
    </ClCompile>
    <ClCompile Include="GankDetection.cpp">
      <Filter>Resource Files\Source Files\Utility</Filter>
    </ClCompile>
    <ClCompile Include="Gui.cpp">
      <Filter>Resource Files\Source Files\Utility</Filter>
    </ClCompile>
    <ClCompile Include="ObjectTracker.cpp">
      <Filter>Resource Files\Source Files\Utility</Filter>
    </ClCompile>
    <ClCompile Include="Tracker.cpp">
      <Filter>Resource Files\Source Files\Utility</Filter>
    </ClCompile>
    <ClCompile Include="UtilityPlusPlus.cpp">
      <Filter>Resource Files\Source Files\Utility</Filter>
    </ClCompile>
    <ClCompile Include="Champion.cpp">
      <Filter>Resource Files\Source Files\Champions</Filter>
    </ClCompile>
    <ClCompile Include="Rembrandt.cpp">
      <Filter>SDK</Filter>
    </ClCompile>
  </ItemGroup>
</Project>